
Microsoft Visual Studio Solution File, Format Version 12.00
# Visual Studio Version 17
VisualStudioVersion = 17.14.36401.2 d17.14
MinimumVisualStudioVersion = 10.0.40219.1
Project("{54A90642-561A-4BB1-A94E-469ADEE60C69}") = "trading_app.client", "trading_app.client\trading_app.client.esproj", "{176C7761-3D20-6525-A934-5DEEDFC67773}"
EndProject
Project("{FAE04EC0-301F-11D3-BF4B-00C04F79EFBC}") = "Trading_app.Server", "Trading_app.Server\Trading_app.Server.csproj", "{0343E64E-C8D7-410A-AB98-24319BEDA876}"
EndProject
Global
	GlobalSection(SolutionConfigurationPlatforms) = preSolution
		Debug|Any CPU = Debug|Any CPU
		Release|Any CPU = Release|Any CPU
	EndGlobalSection
	GlobalSection(ProjectConfigurationPlatforms) = postSolution
		{176C7761-3D20-6525-A934-5DEEDFC67773}.Debug|Any CPU.ActiveCfg = Debug|Any CPU
		{176C7761-3D20-6525-A934-5DEEDFC67773}.Debug|Any CPU.Build.0 = Debug|Any CPU
		{176C7761-3D20-6525-A934-5DEEDFC67773}.Debug|Any CPU.Deploy.0 = Debug|Any CPU
		{176C7761-3D20-6525-A934-5DEEDFC67773}.Release|Any CPU.ActiveCfg = Release|Any CPU
		{176C7761-3D20-6525-A934-5DEEDFC67773}.Release|Any CPU.Build.0 = Release|Any CPU
		{176C7761-3D20-6525-A934-5DEEDFC67773}.Release|Any CPU.Deploy.0 = Release|Any CPU
		{0343E64E-C8D7-410A-AB98-24319BEDA876}.Debug|Any CPU.ActiveCfg = Debug|Any CPU
		{0343E64E-C8D7-410A-AB98-24319BEDA876}.Debug|Any CPU.Build.0 = Debug|Any CPU
		{0343E64E-C8D7-410A-AB98-24319BEDA876}.Release|Any CPU.ActiveCfg = Release|Any CPU
		{0343E64E-C8D7-410A-AB98-24319BEDA876}.Release|Any CPU.Build.0 = Release|Any CPU
	EndGlobalSection
	GlobalSection(SolutionProperties) = preSolution
		HideSolutionNode = FALSE
	EndGlobalSection
	GlobalSection(ExtensibilityGlobals) = postSolution
		SolutionGuid = {4CBE21FE-669B-4D6F-892B-FA17477551B4}
	EndGlobalSection
EndGlobal
